
Microsoft Visual Studio Solution File, Format Version 12.00
# Visual Studio 2012
Project("{FAE04EC0-301F-11D3-BF4B-00C04F79EFBC}") = "Bankiru", "Blog\Bankiru.csproj", "{D9AC73DE-66FB-4A17-ACFC-40079DC8D857}"
EndProject
Project("{FAE04EC0-301F-11D3-BF4B-00C04F79EFBC}") = "Bankiru.Tests", "Blog.Tests\Bankiru.Tests.csproj", "{A5FF868F-537D-40C3-9A52-DFEA08A485A6}"
EndProject
Project("{FAE04EC0-301F-11D3-BF4B-00C04F79EFBC}") = "Currencies", "Currencies\Currencies.csproj", "{563145BF-C771-4152-B51F-5A6EACB7FAF5}"
EndProject
Project("{FAE04EC0-301F-11D3-BF4B-00C04F79EFBC}") = "ChartsApi", "ChartsApi\ChartsApi.csproj", "{A40833A8-102A-4A4B-B5EF-050138EE1639}"
EndProject
Global
	GlobalSection(SolutionConfigurationPlatforms) = preSolution
		Debug|Any CPU = Debug|Any CPU
		Release|Any CPU = Release|Any CPU
	EndGlobalSection
	GlobalSection(ProjectConfigurationPlatforms) = postSolution
		{D9AC73DE-66FB-4A17-ACFC-40079DC8D857}.Debug|Any CPU.ActiveCfg = Debug|Any CPU
		{D9AC73DE-66FB-4A17-ACFC-40079DC8D857}.Debug|Any CPU.Build.0 = Debug|Any CPU
		{D9AC73DE-66FB-4A17-ACFC-40079DC8D857}.Release|Any CPU.ActiveCfg = Release|Any CPU
		{D9AC73DE-66FB-4A17-ACFC-40079DC8D857}.Release|Any CPU.Build.0 = Release|Any CPU
		{A5FF868F-537D-40C3-9A52-DFEA08A485A6}.Debug|Any CPU.ActiveCfg = Debug|Any CPU
		{A5FF868F-537D-40C3-9A52-DFEA08A485A6}.Debug|Any CPU.Build.0 = Debug|Any CPU
		{A5FF868F-537D-40C3-9A52-DFEA08A485A6}.Release|Any CPU.ActiveCfg = Release|Any CPU
		{A5FF868F-537D-40C3-9A52-DFEA08A485A6}.Release|Any CPU.Build.0 = Release|Any CPU
		{563145BF-C771-4152-B51F-5A6EACB7FAF5}.Debug|Any CPU.ActiveCfg = Debug|Any CPU
		{563145BF-C771-4152-B51F-5A6EACB7FAF5}.Debug|Any CPU.Build.0 = Debug|Any CPU
		{563145BF-C771-4152-B51F-5A6EACB7FAF5}.Release|Any CPU.ActiveCfg = Release|Any CPU
		{563145BF-C771-4152-B51F-5A6EACB7FAF5}.Release|Any CPU.Build.0 = Release|Any CPU
		{A40833A8-102A-4A4B-B5EF-050138EE1639}.Debug|Any CPU.ActiveCfg = Debug|Any CPU
		{A40833A8-102A-4A4B-B5EF-050138EE1639}.Debug|Any CPU.Build.0 = Debug|Any CPU
		{A40833A8-102A-4A4B-B5EF-050138EE1639}.Release|Any CPU.ActiveCfg = Release|Any CPU
		{A40833A8-102A-4A4B-B5EF-050138EE1639}.Release|Any CPU.Build.0 = Release|Any CPU
	EndGlobalSection
	GlobalSection(SolutionProperties) = preSolution
		HideSolutionNode = FALSE
	EndGlobalSection
EndGlobal
